Microsoft Visual Studio Solution File, Format Version 11.00
# Visual Studio 2010
Project("{2150E333-8FDC-42A3-9474-1A3956D46DE8}") = "Framework", "Framework", "{16FA1AAD-DD2D-407D-8858-23A8B482EA64}"
EndProject
Project("{2150E333-8FDC-42A3-9474-1A3956D46DE8}") = "Services", "Services", "{DAEF0E11-C57C-4A2C-8CD9-BD315677D343}"
EndProject
Project("{2150E333-8FDC-42A3-9474-1A3956D46DE8}") = "Tools", "Tools", "{BE2D1B20-7D97-410F-A9A9-D264B3973F8A}"
EndProject
Project("{2150E333-8FDC-42A3-9474-1A3956D46DE8}") = "Scripts", "Scripts", "{4754B58F-A620-41AE-84EC-3CC5DF2B8C26}"
EndProject
Project("{FAE04EC0-301F-11D3-BF4B-00C04F79EFBC}") = "Trinity.Encore.Framework.Core", "Trinity.Encore.Framework.Core\Trinity.Encore.Framework.Core.csproj", "{78BB9167-FD73-451C-B007-0718DBDF0E14}"
EndProject
Project("{FAE04EC0-301F-11D3-BF4B-00C04F79EFBC}") = "Trinity.Encore.Framework.Network", "Trinity.Encore.Framework.Network\Trinity.Encore.Framework.Network.csproj", "{8D03D581-BE90-4714-AC46-50758EE1DD95}"
EndProject
Project("{FAE04EC0-301F-11D3-BF4B-00C04F79EFBC}") = "Trinity.Encore.Framework.Persistence", "Trinity.Encore.Framework.Persistence\Trinity.Encore.Framework.Persistence.csproj", "{F119B4B3-4520-4ED5-ABEF-189D1A61C7C5}"
EndProject
Project("{FAE04EC0-301F-11D3-BF4B-00C04F79EFBC}") = "Trinity.Encore.Framework.Game", "Trinity.Encore.Framework.Game\Trinity.Encore.Framework.Game.csproj", "{75E460A8-17CF-4005-813A-E1C2E714BDEA}"
EndProject
Project("{FAE04EC0-301F-11D3-BF4B-00C04F79EFBC}") = "Trinity.Encore.Framework.Services", "Trinity.Encore.Framework.Services\Trinity.Encore.Framework.Services.csproj", "{4FBCED44-C91C-400B-80AB-40D5F6FC7B74}"
EndProject
Project("{FAE04EC0-301F-11D3-BF4B-00C04F79EFBC}") = "Trinity.Encore.Scripts.AI", "Trinity.Encore.Scripts.AI\Trinity.Encore.Scripts.AI.csproj", "{559DB1CB-A5FB-4214-B24F-C710619DCE09}"
EndProject
Project("{FAE04EC0-301F-11D3-BF4B-00C04F79EFBC}") = "Trinity.Encore.Scripts.Battlegrounds", "Trinity.Encore.Scripts.Battlegrounds\Trinity.Encore.Scripts.Battlegrounds.csproj", "{984B08A0-ACBD-4065-ACDD-D21D4485FE73}"
EndProject
Project("{FAE04EC0-301F-11D3-BF4B-00C04F79EFBC}") = "Trinity.Encore.Scripts.Instances", "Trinity.Encore.Scripts.Instances\Trinity.Encore.Scripts.Instances.csproj", "{978DDCF4-53FC-4942-89A6-08E68DF1488E}"
EndProject
Project("{FAE04EC0-301F-11D3-BF4B-00C04F79EFBC}") = "Trinity.Encore.Scripts.Misc", "Trinity.Encore.Scripts.Misc\Trinity.Encore.Scripts.Misc.csproj", "{CE9BBC11-5796-4487-A75A-21CCA2B90E5B}"
EndProject
Project("{FAE04EC0-301F-11D3-BF4B-00C04F79EFBC}") = "Trinity.Encore.Scripts.Spells", "Trinity.Encore.Scripts.Spells\Trinity.Encore.Scripts.Spells.csproj", "{646951C7-ED95-4EE5-BF93-50E4CE19C592}"
EndProject
Project("{FAE04EC0-301F-11D3-BF4B-00C04F79EFBC}") = "Trinity.Encore.Scripts.World", "Trinity.Encore.Scripts.World\Trinity.Encore.Scripts.World.csproj", "{B7F09167-0C20-4890-87F9-9CEA3A7282B5}"
EndProject
Project("{FAE04EC0-301F-11D3-BF4B-00C04F79EFBC}") = "Trinity.Encore.Services.Account", "Trinity.Encore.Services.Account\Trinity.Encore.Services.Account.csproj", "{200CE786-569B-4032-B252-677D13A65AB5}"
EndProject
Project("{FAE04EC0-301F-11D3-BF4B-00C04F79EFBC}") = "Trinity.Encore.Services.Authentication", "Trinity.Encore.Services.Authentication\Trinity.Encore.Services.Authentication.csproj", "{96FD1F4C-6EAB-4870-96E3-FABEEFA79738}"
EndProject
Project("{FAE04EC0-301F-11D3-BF4B-00C04F79EFBC}") = "Trinity.Encore.Services.Map", "Trinity.Encore.Services.Map\Trinity.Encore.Services.Map.csproj", "{C7A7B350-0338-4F2D-9795-EC0E6D950CE0}"
EndProject
Project("{FAE04EC0-301F-11D3-BF4B-00C04F79EFBC}") = "Trinity.Encore.Services.Patch", "Trinity.Encore.Services.Patch\Trinity.Encore.Services.Patch.csproj", "{91BC7EFE-297C-4C57-BE53-A07E4613CC4C}"
EndProject
Project("{FAE04EC0-301F-11D3-BF4B-00C04F79EFBC}") = "Trinity.Encore.Services.Social", "Trinity.Encore.Services.Social\Trinity.Encore.Services.Social.csproj", "{28DC7B75-5C2E-4A86-923C-CE0F1C1F66C5}"
EndProject
Project("{FAE04EC0-301F-11D3-BF4B-00C04F79EFBC}") = "Trinity.Encore.Services.Terrain", "Trinity.Encore.Services.Terrain\Trinity.Encore.Services.Terrain.csproj", "{EFADEE2C-E67D-4E2A-B83B-27E0565593A2}"
EndProject
Project("{FAE04EC0-301F-11D3-BF4B-00C04F79EFBC}") = "Trinity.Encore.Services.World", "Trinity.Encore.Services.World\Trinity.Encore.Services.World.csproj", "{2444A1DB-B45F-4250-ADF0-18B52C62DC62}"
EndProject
Project("{2150E333-8FDC-42A3-9474-1A3956D46DE8}") = "Documents", "Documents", "{E570C6F6-1116-40E2-AA0F-993BC03496AB}"
	ProjectSection(SolutionItems) = preProject
		Thanks.txt = Thanks.txt
	EndProjectSection
EndProject
Global
	GlobalSection(SolutionConfigurationPlatforms) = preSolution
		Debug|Any CPU = Debug|Any CPU
		Release|Any CPU = Release|Any CPU
	EndGlobalSection
	GlobalSection(ProjectConfigurationPlatforms) = postSolution
		{78BB9167-FD73-451C-B007-0718DBDF0E14}.Debug|Any CPU.ActiveCfg = Debug|Any CPU
		{78BB9167-FD73-451C-B007-0718DBDF0E14}.Debug|Any CPU.Build.0 = Debug|Any CPU
		{78BB9167-FD73-451C-B007-0718DBDF0E14}.Release|Any CPU.ActiveCfg = Release|Any CPU
		{78BB9167-FD73-451C-B007-0718DBDF0E14}.Release|Any CPU.Build.0 = Release|Any CPU
		{8D03D581-BE90-4714-AC46-50758EE1DD95}.Debug|Any CPU.ActiveCfg = Debug|Any CPU
		{8D03D581-BE90-4714-AC46-50758EE1DD95}.Debug|Any CPU.Build.0 = Debug|Any CPU
		{8D03D581-BE90-4714-AC46-50758EE1DD95}.Release|Any CPU.ActiveCfg = Release|Any CPU
		{8D03D581-BE90-4714-AC46-50758EE1DD95}.Release|Any CPU.Build.0 = Release|Any CPU
		{F119B4B3-4520-4ED5-ABEF-189D1A61C7C5}.Debug|Any CPU.ActiveCfg = Debug|Any CPU
		{F119B4B3-4520-4ED5-ABEF-189D1A61C7C5}.Debug|Any CPU.Build.0 = Debug|Any CPU
		{F119B4B3-4520-4ED5-ABEF-189D1A61C7C5}.Release|Any CPU.ActiveCfg = Release|Any CPU
		{F119B4B3-4520-4ED5-ABEF-189D1A61C7C5}.Release|Any CPU.Build.0 = Release|Any CPU
		{75E460A8-17CF-4005-813A-E1C2E714BDEA}.Debug|Any CPU.ActiveCfg = Debug|Any CPU
		{75E460A8-17CF-4005-813A-E1C2E714BDEA}.Debug|Any CPU.Build.0 = Debug|Any CPU
		{75E460A8-17CF-4005-813A-E1C2E714BDEA}.Release|Any CPU.ActiveCfg = Release|Any CPU
		{75E460A8-17CF-4005-813A-E1C2E714BDEA}.Release|Any CPU.Build.0 = Release|Any CPU
		{4FBCED44-C91C-400B-80AB-40D5F6FC7B74}.Debug|Any CPU.ActiveCfg = Debug|Any CPU
		{4FBCED44-C91C-400B-80AB-40D5F6FC7B74}.Debug|Any CPU.Build.0 = Debug|Any CPU
		{4FBCED44-C91C-400B-80AB-40D5F6FC7B74}.Release|Any CPU.ActiveCfg = Release|Any CPU
		{4FBCED44-C91C-400B-80AB-40D5F6FC7B74}.Release|Any CPU.Build.0 = Release|Any CPU
		{559DB1CB-A5FB-4214-B24F-C710619DCE09}.Debug|Any CPU.ActiveCfg = Debug|Any CPU
		{559DB1CB-A5FB-4214-B24F-C710619DCE09}.Debug|Any CPU.Build.0 = Debug|Any CPU
		{559DB1CB-A5FB-4214-B24F-C710619DCE09}.Release|Any CPU.ActiveCfg = Release|Any CPU
		{559DB1CB-A5FB-4214-B24F-C710619DCE09}.Release|Any CPU.Build.0 = Release|Any CPU
		{984B08A0-ACBD-4065-ACDD-D21D4485FE73}.Debug|Any CPU.ActiveCfg = Debug|Any CPU
		{984B08A0-ACBD-4065-ACDD-D21D4485FE73}.Debug|Any CPU.Build.0 = Debug|Any CPU
		{984B08A0-ACBD-4065-ACDD-D21D4485FE73}.Release|Any CPU.ActiveCfg = Release|Any CPU
		{984B08A0-ACBD-4065-ACDD-D21D4485FE73}.Release|Any CPU.Build.0 = Release|Any CPU
		{978DDCF4-53FC-4942-89A6-08E68DF1488E}.Debug|Any CPU.ActiveCfg = Debug|Any CPU
		{978DDCF4-53FC-4942-89A6-08E68DF1488E}.Debug|Any CPU.Build.0 = Debug|Any CPU
		{978DDCF4-53FC-4942-89A6-08E68DF1488E}.Release|Any CPU.ActiveCfg = Release|Any CPU
		{978DDCF4-53FC-4942-89A6-08E68DF1488E}.Release|Any CPU.Build.0 = Release|Any CPU
		{CE9BBC11-5796-4487-A75A-21CCA2B90E5B}.Debug|Any CPU.ActiveCfg = Debug|Any CPU
		{CE9BBC11-5796-4487-A75A-21CCA2B90E5B}.Debug|Any CPU.Build.0 = Debug|Any CPU
		{CE9BBC11-5796-4487-A75A-21CCA2B90E5B}.Release|Any CPU.ActiveCfg = Release|Any CPU
		{CE9BBC11-5796-4487-A75A-21CCA2B90E5B}.Release|Any CPU.Build.0 = Release|Any CPU
		{646951C7-ED95-4EE5-BF93-50E4CE19C592}.Debug|Any CPU.ActiveCfg = Debug|Any CPU
		{646951C7-ED95-4EE5-BF93-50E4CE19C592}.Debug|Any CPU.Build.0 = Debug|Any CPU
		{646951C7-ED95-4EE5-BF93-50E4CE19C592}.Release|Any CPU.ActiveCfg = Release|Any CPU
		{646951C7-ED95-4EE5-BF93-50E4CE19C592}.Release|Any CPU.Build.0 = Release|Any CPU
		{B7F09167-0C20-4890-87F9-9CEA3A7282B5}.Debug|Any CPU.ActiveCfg = Debug|Any CPU
		{B7F09167-0C20-4890-87F9-9CEA3A7282B5}.Debug|Any CPU.Build.0 = Debug|Any CPU
		{B7F09167-0C20-4890-87F9-9CEA3A7282B5}.Release|Any CPU.ActiveCfg = Release|Any CPU
		{B7F09167-0C20-4890-87F9-9CEA3A7282B5}.Release|Any CPU.Build.0 = Release|Any CPU
		{200CE786-569B-4032-B252-677D13A65AB5}.Debug|Any CPU.ActiveCfg = Debug|Any CPU
		{200CE786-569B-4032-B252-677D13A65AB5}.Debug|Any CPU.Build.0 = Debug|Any CPU
		{200CE786-569B-4032-B252-677D13A65AB5}.Release|Any CPU.ActiveCfg = Release|Any CPU
		{200CE786-569B-4032-B252-677D13A65AB5}.Release|Any CPU.Build.0 = Release|Any CPU
		{96FD1F4C-6EAB-4870-96E3-FABEEFA79738}.Debug|Any CPU.ActiveCfg = Debug|Any CPU
		{96FD1F4C-6EAB-4870-96E3-FABEEFA79738}.Debug|Any CPU.Build.0 = Debug|Any CPU
		{96FD1F4C-6EAB-4870-96E3-FABEEFA79738}.Release|Any CPU.ActiveCfg = Release|Any CPU
		{96FD1F4C-6EAB-4870-96E3-FABEEFA79738}.Release|Any CPU.Build.0 = Release|Any CPU
		{C7A7B350-0338-4F2D-9795-EC0E6D950CE0}.Debug|Any CPU.ActiveCfg = Debug|Any CPU
		{C7A7B350-0338-4F2D-9795-EC0E6D950CE0}.Debug|Any CPU.Build.0 = Debug|Any CPU
		{C7A7B350-0338-4F2D-9795-EC0E6D950CE0}.Release|Any CPU.ActiveCfg = Release|Any CPU
		{C7A7B350-0338-4F2D-9795-EC0E6D950CE0}.Release|Any CPU.Build.0 = Release|Any CPU
		{91BC7EFE-297C-4C57-BE53-A07E4613CC4C}.Debug|Any CPU.ActiveCfg = Debug|Any CPU
		{91BC7EFE-297C-4C57-BE53-A07E4613CC4C}.Debug|Any CPU.Build.0 = Debug|Any CPU
		{91BC7EFE-297C-4C57-BE53-A07E4613CC4C}.Release|Any CPU.ActiveCfg = Release|Any CPU
		{91BC7EFE-297C-4C57-BE53-A07E4613CC4C}.Release|Any CPU.Build.0 = Release|Any CPU
		{28DC7B75-5C2E-4A86-923C-CE0F1C1F66C5}.Debug|Any CPU.ActiveCfg = Debug|Any CPU
		{28DC7B75-5C2E-4A86-923C-CE0F1C1F66C5}.Debug|Any CPU.Build.0 = Debug|Any CPU
		{28DC7B75-5C2E-4A86-923C-CE0F1C1F66C5}.Release|Any CPU.ActiveCfg = Release|Any CPU
		{28DC7B75-5C2E-4A86-923C-CE0F1C1F66C5}.Release|Any CPU.Build.0 = Release|Any CPU
		{EFADEE2C-E67D-4E2A-B83B-27E0565593A2}.Debug|Any CPU.ActiveCfg = Debug|Any CPU
		{EFADEE2C-E67D-4E2A-B83B-27E0565593A2}.Debug|Any CPU.Build.0 = Debug|Any CPU
		{EFADEE2C-E67D-4E2A-B83B-27E0565593A2}.Release|Any CPU.ActiveCfg = Release|Any CPU
		{EFADEE2C-E67D-4E2A-B83B-27E0565593A2}.Release|Any CPU.Build.0 = Release|Any CPU
		{2444A1DB-B45F-4250-ADF0-18B52C62DC62}.Debug|Any CPU.ActiveCfg = Debug|Any CPU
		{2444A1DB-B45F-4250-ADF0-18B52C62DC62}.Debug|Any CPU.Build.0 = Debug|Any CPU
		{2444A1DB-B45F-4250-ADF0-18B52C62DC62}.Release|Any CPU.ActiveCfg = Release|Any CPU
		{2444A1DB-B45F-4250-ADF0-18B52C62DC62}.Release|Any CPU.Build.0 = Release|Any CPU
	EndGlobalSection
	GlobalSection(SolutionProperties) = preSolution
		HideSolutionNode = FALSE
	EndGlobalSection
	GlobalSection(NestedProjects) = preSolution
		{78BB9167-FD73-451C-B007-0718DBDF0E14} = {16FA1AAD-DD2D-407D-8858-23A8B482EA64}
		{8D03D581-BE90-4714-AC46-50758EE1DD95} = {16FA1AAD-DD2D-407D-8858-23A8B482EA64}
		{F119B4B3-4520-4ED5-ABEF-189D1A61C7C5} = {16FA1AAD-DD2D-407D-8858-23A8B482EA64}
		{75E460A8-17CF-4005-813A-E1C2E714BDEA} = {16FA1AAD-DD2D-407D-8858-23A8B482EA64}
		{4FBCED44-C91C-400B-80AB-40D5F6FC7B74} = {16FA1AAD-DD2D-407D-8858-23A8B482EA64}
		{200CE786-569B-4032-B252-677D13A65AB5} = {DAEF0E11-C57C-4A2C-8CD9-BD315677D343}
		{96FD1F4C-6EAB-4870-96E3-FABEEFA79738} = {DAEF0E11-C57C-4A2C-8CD9-BD315677D343}
		{C7A7B350-0338-4F2D-9795-EC0E6D950CE0} = {DAEF0E11-C57C-4A2C-8CD9-BD315677D343}
		{91BC7EFE-297C-4C57-BE53-A07E4613CC4C} = {DAEF0E11-C57C-4A2C-8CD9-BD315677D343}
		{28DC7B75-5C2E-4A86-923C-CE0F1C1F66C5} = {DAEF0E11-C57C-4A2C-8CD9-BD315677D343}
		{EFADEE2C-E67D-4E2A-B83B-27E0565593A2} = {DAEF0E11-C57C-4A2C-8CD9-BD315677D343}
		{2444A1DB-B45F-4250-ADF0-18B52C62DC62} = {DAEF0E11-C57C-4A2C-8CD9-BD315677D343}
		{559DB1CB-A5FB-4214-B24F-C710619DCE09} = {4754B58F-A620-41AE-84EC-3CC5DF2B8C26}
		{984B08A0-ACBD-4065-ACDD-D21D4485FE73} = {4754B58F-A620-41AE-84EC-3CC5DF2B8C26}
		{978DDCF4-53FC-4942-89A6-08E68DF1488E} = {4754B58F-A620-41AE-84EC-3CC5DF2B8C26}
		{CE9BBC11-5796-4487-A75A-21CCA2B90E5B} = {4754B58F-A620-41AE-84EC-3CC5DF2B8C26}
		{646951C7-ED95-4EE5-BF93-50E4CE19C592} = {4754B58F-A620-41AE-84EC-3CC5DF2B8C26}
		{B7F09167-0C20-4890-87F9-9CEA3A7282B5} = {4754B58F-A620-41AE-84EC-3CC5DF2B8C26}
	EndGlobalSection
EndGlobal
