Microsoft Visual Studio Solution File, Format Version 11.00
# Visual Studio 2010
Project("{2150E333-8FDC-42A3-9474-1A3956D46DE8}") = "Framework", "Framework", "{16FA1AAD-DD2D-407D-8858-23A8B482EA64}"
EndProject
Project("{2150E333-8FDC-42A3-9474-1A3956D46DE8}") = "Services", "Services", "{DAEF0E11-C57C-4A2C-8CD9-BD315677D343}"
EndProject
Project("{2150E333-8FDC-42A3-9474-1A3956D46DE8}") = "Tools", "Tools", "{BE2D1B20-7D97-410F-A9A9-D264B3973F8A}"
EndProject
Project("{2150E333-8FDC-42A3-9474-1A3956D46DE8}") = "Scripts", "Scripts", "{4754B58F-A620-41AE-84EC-3CC5DF2B8C26}"
EndProject
Project("{FAE04EC0-301F-11D3-BF4B-00C04F79EFBC}") = "Trinity.Core", "Trinity.Core\Trinity.Core.csproj", "{78BB9167-FD73-451C-B007-0718DBDF0E14}"
EndProject
Project("{FAE04EC0-301F-11D3-BF4B-00C04F79EFBC}") = "Trinity.Network", "Trinity.Network\Trinity.Network.csproj", "{8D03D581-BE90-4714-AC46-50758EE1DD95}"
EndProject
Project("{FAE04EC0-301F-11D3-BF4B-00C04F79EFBC}") = "Trinity.Persistence", "Trinity.Persistence\Trinity.Persistence.csproj", "{F119B4B3-4520-4ED5-ABEF-189D1A61C7C5}"
EndProject
Project("{FAE04EC0-301F-11D3-BF4B-00C04F79EFBC}") = "Trinity.Encore.Game", "Trinity.Encore.Game\Trinity.Encore.Game.csproj", "{75E460A8-17CF-4005-813A-E1C2E714BDEA}"
EndProject
Project("{FAE04EC0-301F-11D3-BF4B-00C04F79EFBC}") = "Trinity.Encore.Services", "Trinity.Encore.Services\Trinity.Encore.Services.csproj", "{4FBCED44-C91C-400B-80AB-40D5F6FC7B74}"
EndProject
Project("{FAE04EC0-301F-11D3-BF4B-00C04F79EFBC}") = "Trinity.Encore.Scripts.AI", "Trinity.Encore.Scripts.AI\Trinity.Encore.Scripts.AI.csproj", "{559DB1CB-A5FB-4214-B24F-C710619DCE09}"
EndProject
Project("{FAE04EC0-301F-11D3-BF4B-00C04F79EFBC}") = "Trinity.Encore.Scripts.Battlegrounds", "Trinity.Encore.Scripts.Battlegrounds\Trinity.Encore.Scripts.Battlegrounds.csproj", "{984B08A0-ACBD-4065-ACDD-D21D4485FE73}"
EndProject
Project("{FAE04EC0-301F-11D3-BF4B-00C04F79EFBC}") = "Trinity.Encore.Scripts.Instances", "Trinity.Encore.Scripts.Instances\Trinity.Encore.Scripts.Instances.csproj", "{978DDCF4-53FC-4942-89A6-08E68DF1488E}"
EndProject
Project("{FAE04EC0-301F-11D3-BF4B-00C04F79EFBC}") = "Trinity.Encore.Scripts.Misc", "Trinity.Encore.Scripts.Misc\Trinity.Encore.Scripts.Misc.csproj", "{CE9BBC11-5796-4487-A75A-21CCA2B90E5B}"
EndProject
Project("{FAE04EC0-301F-11D3-BF4B-00C04F79EFBC}") = "Trinity.Encore.Scripts.Spells", "Trinity.Encore.Scripts.Spells\Trinity.Encore.Scripts.Spells.csproj", "{646951C7-ED95-4EE5-BF93-50E4CE19C592}"
EndProject
Project("{FAE04EC0-301F-11D3-BF4B-00C04F79EFBC}") = "Trinity.Encore.Scripts.World", "Trinity.Encore.Scripts.World\Trinity.Encore.Scripts.World.csproj", "{B7F09167-0C20-4890-87F9-9CEA3A7282B5}"
EndProject
Project("{FAE04EC0-301F-11D3-BF4B-00C04F79EFBC}") = "Trinity.Encore.AccountService", "Trinity.Encore.AccountService\Trinity.Encore.AccountService.csproj", "{200CE786-569B-4032-B252-677D13A65AB5}"
EndProject
Project("{FAE04EC0-301F-11D3-BF4B-00C04F79EFBC}") = "Trinity.Encore.AuthenticationService", "Trinity.Encore.AuthenticationService\Trinity.Encore.AuthenticationService.csproj", "{96FD1F4C-6EAB-4870-96E3-FABEEFA79738}"
EndProject
Project("{FAE04EC0-301F-11D3-BF4B-00C04F79EFBC}") = "Trinity.Encore.MapService", "Trinity.Encore.MapService\Trinity.Encore.MapService.csproj", "{C7A7B350-0338-4F2D-9795-EC0E6D950CE0}"
	ProjectSection(ProjectDependencies) = postProject
		{75E460A8-17CF-4005-813A-E1C2E714BDEA} = {75E460A8-17CF-4005-813A-E1C2E714BDEA}
	EndProjectSection
EndProject
Project("{FAE04EC0-301F-11D3-BF4B-00C04F79EFBC}") = "Trinity.Encore.PatchService", "Trinity.Encore.PatchService\Trinity.Encore.PatchService.csproj", "{91BC7EFE-297C-4C57-BE53-A07E4613CC4C}"
EndProject
Project("{FAE04EC0-301F-11D3-BF4B-00C04F79EFBC}") = "Trinity.Encore.SocialService", "Trinity.Encore.SocialService\Trinity.Encore.SocialService.csproj", "{28DC7B75-5C2E-4A86-923C-CE0F1C1F66C5}"
EndProject
Project("{FAE04EC0-301F-11D3-BF4B-00C04F79EFBC}") = "Trinity.Encore.TerrainService", "Trinity.Encore.TerrainService\Trinity.Encore.TerrainService.csproj", "{EFADEE2C-E67D-4E2A-B83B-27E0565593A2}"
EndProject
Project("{FAE04EC0-301F-11D3-BF4B-00C04F79EFBC}") = "Trinity.Encore.WorldService", "Trinity.Encore.WorldService\Trinity.Encore.WorldService.csproj", "{2444A1DB-B45F-4250-ADF0-18B52C62DC62}"
EndProject
Project("{2150E333-8FDC-42A3-9474-1A3956D46DE8}") = "Documents", "Documents", "{E570C6F6-1116-40E2-AA0F-993BC03496AB}"
	ProjectSection(SolutionItems) = preProject
		Documents\Compatibility.txt = Documents\Compatibility.txt
		Documents\Documentation.txt = Documents\Documentation.txt
		Documents\Installation.txt = Documents\Installation.txt
		Documents\License.txt = Documents\License.txt
		Documents\News.txt = Documents\News.txt
		Documents\Thanks.txt = Documents\Thanks.txt
		Documents\Welcome.txt = Documents\Welcome.txt
	EndProjectSection
EndProject
Project("{FAE04EC0-301F-11D3-BF4B-00C04F79EFBC}") = "Trinity.Encore.Patcher", "Trinity.Encore.Patcher\Trinity.Encore.Patcher.csproj", "{E3B4759B-433D-4FA3-83C3-87B3EA440BBB}"
EndProject
Project("{2150E333-8FDC-42A3-9474-1A3956D46DE8}") = "Tests", "Tests", "{8259BA72-9BFD-4C57-9277-FAF6778A3ECC}"
	ProjectSection(SolutionItems) = preProject
		Tests\Full.testsettings = Tests\Full.testsettings
		Tests\Trinity.Encore.vsmdi = Tests\Trinity.Encore.vsmdi
	EndProjectSection
EndProject
Project("{FAE04EC0-301F-11D3-BF4B-00C04F79EFBC}") = "Trinity.Encore.Tests.Core", "Trinity.Encore.Tests.Core\Trinity.Encore.Tests.Core.csproj", "{47B1A1FC-D54C-42F7-912F-9A436579EC11}"
EndProject
Project("{FAE04EC0-301F-11D3-BF4B-00C04F79EFBC}") = "Trinity.Encore.Tests.Game", "Trinity.Encore.Tests.Game\Trinity.Encore.Tests.Game.csproj", "{B5B67A17-FC8F-487C-9081-35B38B910AA0}"
EndProject
Project("{FAE04EC0-301F-11D3-BF4B-00C04F79EFBC}") = "Trinity.Encore.Tests.Services", "Trinity.Encore.Tests.Services\Trinity.Encore.Tests.Services.csproj", "{9C184482-3032-46C9-90E8-1EABBF690126}"
EndProject
Project("{2150E333-8FDC-42A3-9474-1A3956D46DE8}") = "Dependencies", "Dependencies", "{3769A745-6C63-4F35-8330-60E252F7F757}"
	ProjectSection(SolutionItems) = preProject
		Dependencies\Antlr3.Runtime.dll = Dependencies\Antlr3.Runtime.dll
		Dependencies\C5.dll = Dependencies\C5.dll
		Dependencies\Castle.Core.dll = Dependencies\Castle.Core.dll
		Dependencies\Castle.DynamicProxy2.dll = Dependencies\Castle.DynamicProxy2.dll
		Dependencies\FluentNHibernate.dll = Dependencies\FluentNHibernate.dll
		Dependencies\IBM.Data.DB2.dll = Dependencies\IBM.Data.DB2.dll
		Dependencies\IBM.Data.U2.Ucinet.dll = Dependencies\IBM.Data.U2.Ucinet.dll
		Dependencies\ICSharpCode.SharpZipLib.dll = Dependencies\ICSharpCode.SharpZipLib.dll
		Dependencies\Iesi.Collections.dll = Dependencies\Iesi.Collections.dll
		Dependencies\JetBrains.Annotations.dll = Dependencies\JetBrains.Annotations.dll
		Dependencies\log4net.dll = Dependencies\log4net.dll
		Dependencies\Microsoft.Dynamic.dll = Dependencies\Microsoft.Dynamic.dll
		Dependencies\Microsoft.Scripting.Debugging.dll = Dependencies\Microsoft.Scripting.Debugging.dll
		Dependencies\Microsoft.Scripting.dll = Dependencies\Microsoft.Scripting.dll
		Dependencies\Migrator.dll = Dependencies\Migrator.dll
		Dependencies\Migrator.Framework.dll = Dependencies\Migrator.Framework.dll
		Dependencies\Migrator.Providers.dll = Dependencies\Migrator.Providers.dll
		Dependencies\Mono.GameMath.dll = Dependencies\Mono.GameMath.dll
		Dependencies\Mono.Linq.Expressions.dll = Dependencies\Mono.Linq.Expressions.dll
		Dependencies\Mono.Security.dll = Dependencies\Mono.Security.dll
		Dependencies\Mono.Simd.dll = Dependencies\Mono.Simd.dll
		Dependencies\Mono.Tasklets.dll = Dependencies\Mono.Tasklets.dll
		Dependencies\MySql.Data.dll = Dependencies\MySql.Data.dll
		Dependencies\NHibernate.ByteCode.Castle.dll = Dependencies\NHibernate.ByteCode.Castle.dll
		Dependencies\NHibernate.dll = Dependencies\NHibernate.dll
		Dependencies\Npgsql.dll = Dependencies\Npgsql.dll
		Dependencies\Oracle.DataAccess.dll = Dependencies\Oracle.DataAccess.dll
		Dependencies\ParallelExtensionsExtras.dll = Dependencies\ParallelExtensionsExtras.dll
		Dependencies\Remotion.Data.Linq.dll = Dependencies\Remotion.Data.Linq.dll
		Dependencies\SevenZip.Lzma.dll = Dependencies\SevenZip.Lzma.dll
		Dependencies\System.Data.SQLite.dll = Dependencies\System.Data.SQLite.dll
		Dependencies\System.Data.SQLite.Linq.dll = Dependencies\System.Data.SQLite.Linq.dll
		Dependencies\System.Data.SqlServerCe.dll = Dependencies\System.Data.SqlServerCe.dll
	EndProjectSection
EndProject
Project("{2150E333-8FDC-42A3-9474-1A3956D46DE8}") = "Documentation", "Documentation", "{00E2E8CB-A932-4FF3-B3DB-A3195A09A93A}"
	ProjectSection(SolutionItems) = preProject
		Documentation\MakeDocs.sh = Documentation\MakeDocs.sh
		Documentation\MonoDoc.sh = Documentation\MonoDoc.sh
		Documentation\Style.Dark.xsl = Documentation\Style.Dark.xsl
		Documentation\Style.Light.xsl = Documentation\Style.Light.xsl
	EndProjectSection
EndProject
Project("{2150E333-8FDC-42A3-9474-1A3956D46DE8}") = "Analysis", "Analysis", "{80639DD3-AA1F-4BC9-8BC8-CC4F64DE8F28}"
	ProjectSection(SolutionItems) = preProject
		Analysis\Relaxed.ruleset = Analysis\Relaxed.ruleset
		Analysis\Strict.ruleset = Analysis\Strict.ruleset
	EndProjectSection
EndProject
Project("{2150E333-8FDC-42A3-9474-1A3956D46DE8}") = "Libraries", "Libraries", "{1001B0C5-5D54-45AF-85B5-B8803166E075}"
EndProject
Project("{FAE04EC0-301F-11D3-BF4B-00C04F79EFBC}") = "Trinity.Encore.ReverserTool", "Trinity.Encore.ReverserTool\Trinity.Encore.ReverserTool.csproj", "{A586077E-994C-4217-99ED-3081A7DF1948}"
EndProject
Global
	GlobalSection(SolutionConfigurationPlatforms) = preSolution
		Debug|Any CPU = Debug|Any CPU
		Release|Any CPU = Release|Any CPU
	EndGlobalSection
	GlobalSection(ProjectConfigurationPlatforms) = postSolution
		{78BB9167-FD73-451C-B007-0718DBDF0E14}.Debug|Any CPU.ActiveCfg = Debug|Any CPU
		{78BB9167-FD73-451C-B007-0718DBDF0E14}.Debug|Any CPU.Build.0 = Debug|Any CPU
		{78BB9167-FD73-451C-B007-0718DBDF0E14}.Release|Any CPU.ActiveCfg = Release|Any CPU
		{78BB9167-FD73-451C-B007-0718DBDF0E14}.Release|Any CPU.Build.0 = Release|Any CPU
		{8D03D581-BE90-4714-AC46-50758EE1DD95}.Debug|Any CPU.ActiveCfg = Debug|Any CPU
		{8D03D581-BE90-4714-AC46-50758EE1DD95}.Debug|Any CPU.Build.0 = Debug|Any CPU
		{8D03D581-BE90-4714-AC46-50758EE1DD95}.Release|Any CPU.ActiveCfg = Release|Any CPU
		{8D03D581-BE90-4714-AC46-50758EE1DD95}.Release|Any CPU.Build.0 = Release|Any CPU
		{F119B4B3-4520-4ED5-ABEF-189D1A61C7C5}.Debug|Any CPU.ActiveCfg = Debug|Any CPU
		{F119B4B3-4520-4ED5-ABEF-189D1A61C7C5}.Debug|Any CPU.Build.0 = Debug|Any CPU
		{F119B4B3-4520-4ED5-ABEF-189D1A61C7C5}.Release|Any CPU.ActiveCfg = Release|Any CPU
		{F119B4B3-4520-4ED5-ABEF-189D1A61C7C5}.Release|Any CPU.Build.0 = Release|Any CPU
		{75E460A8-17CF-4005-813A-E1C2E714BDEA}.Debug|Any CPU.ActiveCfg = Debug|Any CPU
		{75E460A8-17CF-4005-813A-E1C2E714BDEA}.Debug|Any CPU.Build.0 = Debug|Any CPU
		{75E460A8-17CF-4005-813A-E1C2E714BDEA}.Release|Any CPU.ActiveCfg = Release|Any CPU
		{75E460A8-17CF-4005-813A-E1C2E714BDEA}.Release|Any CPU.Build.0 = Release|Any CPU
		{4FBCED44-C91C-400B-80AB-40D5F6FC7B74}.Debug|Any CPU.ActiveCfg = Debug|Any CPU
		{4FBCED44-C91C-400B-80AB-40D5F6FC7B74}.Debug|Any CPU.Build.0 = Debug|Any CPU
		{4FBCED44-C91C-400B-80AB-40D5F6FC7B74}.Release|Any CPU.ActiveCfg = Release|Any CPU
		{4FBCED44-C91C-400B-80AB-40D5F6FC7B74}.Release|Any CPU.Build.0 = Release|Any CPU
		{559DB1CB-A5FB-4214-B24F-C710619DCE09}.Debug|Any CPU.ActiveCfg = Debug|Any CPU
		{559DB1CB-A5FB-4214-B24F-C710619DCE09}.Debug|Any CPU.Build.0 = Debug|Any CPU
		{559DB1CB-A5FB-4214-B24F-C710619DCE09}.Release|Any CPU.ActiveCfg = Release|Any CPU
		{559DB1CB-A5FB-4214-B24F-C710619DCE09}.Release|Any CPU.Build.0 = Release|Any CPU
		{984B08A0-ACBD-4065-ACDD-D21D4485FE73}.Debug|Any CPU.ActiveCfg = Debug|Any CPU
		{984B08A0-ACBD-4065-ACDD-D21D4485FE73}.Debug|Any CPU.Build.0 = Debug|Any CPU
		{984B08A0-ACBD-4065-ACDD-D21D4485FE73}.Release|Any CPU.ActiveCfg = Release|Any CPU
		{984B08A0-ACBD-4065-ACDD-D21D4485FE73}.Release|Any CPU.Build.0 = Release|Any CPU
		{978DDCF4-53FC-4942-89A6-08E68DF1488E}.Debug|Any CPU.ActiveCfg = Debug|Any CPU
		{978DDCF4-53FC-4942-89A6-08E68DF1488E}.Debug|Any CPU.Build.0 = Debug|Any CPU
		{978DDCF4-53FC-4942-89A6-08E68DF1488E}.Release|Any CPU.ActiveCfg = Release|Any CPU
		{978DDCF4-53FC-4942-89A6-08E68DF1488E}.Release|Any CPU.Build.0 = Release|Any CPU
		{CE9BBC11-5796-4487-A75A-21CCA2B90E5B}.Debug|Any CPU.ActiveCfg = Debug|Any CPU
		{CE9BBC11-5796-4487-A75A-21CCA2B90E5B}.Debug|Any CPU.Build.0 = Debug|Any CPU
		{CE9BBC11-5796-4487-A75A-21CCA2B90E5B}.Release|Any CPU.ActiveCfg = Release|Any CPU
		{CE9BBC11-5796-4487-A75A-21CCA2B90E5B}.Release|Any CPU.Build.0 = Release|Any CPU
		{646951C7-ED95-4EE5-BF93-50E4CE19C592}.Debug|Any CPU.ActiveCfg = Debug|Any CPU
		{646951C7-ED95-4EE5-BF93-50E4CE19C592}.Debug|Any CPU.Build.0 = Debug|Any CPU
		{646951C7-ED95-4EE5-BF93-50E4CE19C592}.Release|Any CPU.ActiveCfg = Release|Any CPU
		{646951C7-ED95-4EE5-BF93-50E4CE19C592}.Release|Any CPU.Build.0 = Release|Any CPU
		{B7F09167-0C20-4890-87F9-9CEA3A7282B5}.Debug|Any CPU.ActiveCfg = Debug|Any CPU
		{B7F09167-0C20-4890-87F9-9CEA3A7282B5}.Debug|Any CPU.Build.0 = Debug|Any CPU
		{B7F09167-0C20-4890-87F9-9CEA3A7282B5}.Release|Any CPU.ActiveCfg = Release|Any CPU
		{B7F09167-0C20-4890-87F9-9CEA3A7282B5}.Release|Any CPU.Build.0 = Release|Any CPU
		{200CE786-569B-4032-B252-677D13A65AB5}.Debug|Any CPU.ActiveCfg = Debug|Any CPU
		{200CE786-569B-4032-B252-677D13A65AB5}.Debug|Any CPU.Build.0 = Debug|Any CPU
		{200CE786-569B-4032-B252-677D13A65AB5}.Release|Any CPU.ActiveCfg = Release|Any CPU
		{200CE786-569B-4032-B252-677D13A65AB5}.Release|Any CPU.Build.0 = Release|Any CPU
		{96FD1F4C-6EAB-4870-96E3-FABEEFA79738}.Debug|Any CPU.ActiveCfg = Debug|Any CPU
		{96FD1F4C-6EAB-4870-96E3-FABEEFA79738}.Debug|Any CPU.Build.0 = Debug|Any CPU
		{96FD1F4C-6EAB-4870-96E3-FABEEFA79738}.Release|Any CPU.ActiveCfg = Release|Any CPU
		{96FD1F4C-6EAB-4870-96E3-FABEEFA79738}.Release|Any CPU.Build.0 = Release|Any CPU
		{C7A7B350-0338-4F2D-9795-EC0E6D950CE0}.Debug|Any CPU.ActiveCfg = Debug|Any CPU
		{C7A7B350-0338-4F2D-9795-EC0E6D950CE0}.Debug|Any CPU.Build.0 = Debug|Any CPU
		{C7A7B350-0338-4F2D-9795-EC0E6D950CE0}.Release|Any CPU.ActiveCfg = Release|Any CPU
		{C7A7B350-0338-4F2D-9795-EC0E6D950CE0}.Release|Any CPU.Build.0 = Release|Any CPU
		{91BC7EFE-297C-4C57-BE53-A07E4613CC4C}.Debug|Any CPU.ActiveCfg = Debug|Any CPU
		{91BC7EFE-297C-4C57-BE53-A07E4613CC4C}.Debug|Any CPU.Build.0 = Debug|Any CPU
		{91BC7EFE-297C-4C57-BE53-A07E4613CC4C}.Release|Any CPU.ActiveCfg = Release|Any CPU
		{91BC7EFE-297C-4C57-BE53-A07E4613CC4C}.Release|Any CPU.Build.0 = Release|Any CPU
		{28DC7B75-5C2E-4A86-923C-CE0F1C1F66C5}.Debug|Any CPU.ActiveCfg = Debug|Any CPU
		{28DC7B75-5C2E-4A86-923C-CE0F1C1F66C5}.Debug|Any CPU.Build.0 = Debug|Any CPU
		{28DC7B75-5C2E-4A86-923C-CE0F1C1F66C5}.Release|Any CPU.ActiveCfg = Release|Any CPU
		{28DC7B75-5C2E-4A86-923C-CE0F1C1F66C5}.Release|Any CPU.Build.0 = Release|Any CPU
		{EFADEE2C-E67D-4E2A-B83B-27E0565593A2}.Debug|Any CPU.ActiveCfg = Debug|Any CPU
		{EFADEE2C-E67D-4E2A-B83B-27E0565593A2}.Debug|Any CPU.Build.0 = Debug|Any CPU
		{EFADEE2C-E67D-4E2A-B83B-27E0565593A2}.Release|Any CPU.ActiveCfg = Release|Any CPU
		{EFADEE2C-E67D-4E2A-B83B-27E0565593A2}.Release|Any CPU.Build.0 = Release|Any CPU
		{2444A1DB-B45F-4250-ADF0-18B52C62DC62}.Debug|Any CPU.ActiveCfg = Debug|Any CPU
		{2444A1DB-B45F-4250-ADF0-18B52C62DC62}.Debug|Any CPU.Build.0 = Debug|Any CPU
		{2444A1DB-B45F-4250-ADF0-18B52C62DC62}.Release|Any CPU.ActiveCfg = Release|Any CPU
		{2444A1DB-B45F-4250-ADF0-18B52C62DC62}.Release|Any CPU.Build.0 = Release|Any CPU
		{E3B4759B-433D-4FA3-83C3-87B3EA440BBB}.Debug|Any CPU.ActiveCfg = Debug|Any CPU
		{E3B4759B-433D-4FA3-83C3-87B3EA440BBB}.Debug|Any CPU.Build.0 = Debug|Any CPU
		{E3B4759B-433D-4FA3-83C3-87B3EA440BBB}.Release|Any CPU.ActiveCfg = Release|Any CPU
		{E3B4759B-433D-4FA3-83C3-87B3EA440BBB}.Release|Any CPU.Build.0 = Release|Any CPU
		{47B1A1FC-D54C-42F7-912F-9A436579EC11}.Debug|Any CPU.ActiveCfg = Debug|Any CPU
		{47B1A1FC-D54C-42F7-912F-9A436579EC11}.Debug|Any CPU.Build.0 = Debug|Any CPU
		{47B1A1FC-D54C-42F7-912F-9A436579EC11}.Release|Any CPU.ActiveCfg = Release|Any CPU
		{47B1A1FC-D54C-42F7-912F-9A436579EC11}.Release|Any CPU.Build.0 = Release|Any CPU
		{B5B67A17-FC8F-487C-9081-35B38B910AA0}.Debug|Any CPU.ActiveCfg = Debug|Any CPU
		{B5B67A17-FC8F-487C-9081-35B38B910AA0}.Debug|Any CPU.Build.0 = Debug|Any CPU
		{B5B67A17-FC8F-487C-9081-35B38B910AA0}.Release|Any CPU.ActiveCfg = Release|Any CPU
		{B5B67A17-FC8F-487C-9081-35B38B910AA0}.Release|Any CPU.Build.0 = Release|Any CPU
		{9C184482-3032-46C9-90E8-1EABBF690126}.Debug|Any CPU.ActiveCfg = Debug|Any CPU
		{9C184482-3032-46C9-90E8-1EABBF690126}.Debug|Any CPU.Build.0 = Debug|Any CPU
		{9C184482-3032-46C9-90E8-1EABBF690126}.Release|Any CPU.ActiveCfg = Release|Any CPU
		{9C184482-3032-46C9-90E8-1EABBF690126}.Release|Any CPU.Build.0 = Release|Any CPU
		{A586077E-994C-4217-99ED-3081A7DF1948}.Debug|Any CPU.ActiveCfg = Debug|Any CPU
		{A586077E-994C-4217-99ED-3081A7DF1948}.Debug|Any CPU.Build.0 = Debug|Any CPU
		{A586077E-994C-4217-99ED-3081A7DF1948}.Release|Any CPU.ActiveCfg = Release|Any CPU
		{A586077E-994C-4217-99ED-3081A7DF1948}.Release|Any CPU.Build.0 = Release|Any CPU
	EndGlobalSection
	GlobalSection(SolutionProperties) = preSolution
		HideSolutionNode = FALSE
	EndGlobalSection
	GlobalSection(NestedProjects) = preSolution
		{78BB9167-FD73-451C-B007-0718DBDF0E14} = {16FA1AAD-DD2D-407D-8858-23A8B482EA64}
		{8D03D581-BE90-4714-AC46-50758EE1DD95} = {16FA1AAD-DD2D-407D-8858-23A8B482EA64}
		{F119B4B3-4520-4ED5-ABEF-189D1A61C7C5} = {16FA1AAD-DD2D-407D-8858-23A8B482EA64}
		{200CE786-569B-4032-B252-677D13A65AB5} = {DAEF0E11-C57C-4A2C-8CD9-BD315677D343}
		{96FD1F4C-6EAB-4870-96E3-FABEEFA79738} = {DAEF0E11-C57C-4A2C-8CD9-BD315677D343}
		{C7A7B350-0338-4F2D-9795-EC0E6D950CE0} = {DAEF0E11-C57C-4A2C-8CD9-BD315677D343}
		{91BC7EFE-297C-4C57-BE53-A07E4613CC4C} = {DAEF0E11-C57C-4A2C-8CD9-BD315677D343}
		{28DC7B75-5C2E-4A86-923C-CE0F1C1F66C5} = {DAEF0E11-C57C-4A2C-8CD9-BD315677D343}
		{EFADEE2C-E67D-4E2A-B83B-27E0565593A2} = {DAEF0E11-C57C-4A2C-8CD9-BD315677D343}
		{2444A1DB-B45F-4250-ADF0-18B52C62DC62} = {DAEF0E11-C57C-4A2C-8CD9-BD315677D343}
		{E3B4759B-433D-4FA3-83C3-87B3EA440BBB} = {BE2D1B20-7D97-410F-A9A9-D264B3973F8A}
		{A586077E-994C-4217-99ED-3081A7DF1948} = {BE2D1B20-7D97-410F-A9A9-D264B3973F8A}
		{559DB1CB-A5FB-4214-B24F-C710619DCE09} = {4754B58F-A620-41AE-84EC-3CC5DF2B8C26}
		{984B08A0-ACBD-4065-ACDD-D21D4485FE73} = {4754B58F-A620-41AE-84EC-3CC5DF2B8C26}
		{978DDCF4-53FC-4942-89A6-08E68DF1488E} = {4754B58F-A620-41AE-84EC-3CC5DF2B8C26}
		{CE9BBC11-5796-4487-A75A-21CCA2B90E5B} = {4754B58F-A620-41AE-84EC-3CC5DF2B8C26}
		{646951C7-ED95-4EE5-BF93-50E4CE19C592} = {4754B58F-A620-41AE-84EC-3CC5DF2B8C26}
		{B7F09167-0C20-4890-87F9-9CEA3A7282B5} = {4754B58F-A620-41AE-84EC-3CC5DF2B8C26}
		{4FBCED44-C91C-400B-80AB-40D5F6FC7B74} = {1001B0C5-5D54-45AF-85B5-B8803166E075}
		{75E460A8-17CF-4005-813A-E1C2E714BDEA} = {1001B0C5-5D54-45AF-85B5-B8803166E075}
		{47B1A1FC-D54C-42F7-912F-9A436579EC11} = {8259BA72-9BFD-4C57-9277-FAF6778A3ECC}
		{B5B67A17-FC8F-487C-9081-35B38B910AA0} = {8259BA72-9BFD-4C57-9277-FAF6778A3ECC}
		{9C184482-3032-46C9-90E8-1EABBF690126} = {8259BA72-9BFD-4C57-9277-FAF6778A3ECC}
	EndGlobalSection
EndGlobal
